// !$*UTF8*$!
{
	archiveVersion = 1;
	classes = {
	};
	objectVersion = 46;
	objects = {

/* Begin PBXBuildFile section */
		938DD3ED1EEA63C500C95932 /* libboost_filesystem.dylib in Frameworks */ = {isa = PBXBuildFile; fileRef = 938DD3EB1EEA63C500C95932 /* libboost_filesystem.dylib */; };
		938DD3EE1EEA63C500C95932 /* libboost_system.dylib in Frameworks */ = {isa = PBXBuildFile; fileRef = 938DD3EC1EEA63C500C95932 /* libboost_system.dylib */; };
/* End PBXBuildFile section */

/* Begin PBXCopyFilesBuildPhase section */
		938DD3DD1EEA636D00C95932 /* CopyFiles */ = {
			isa = PBXCopyFilesBuildPhase;
			buildActionMask = 2147483647;
			dstPath = /usr/share/man/man1/;
			dstSubfolderSpec = 0;
			files = (
			);
			runOnlyForDeploymentPostprocessing = 1;
		};
/* End PBXCopyFilesBuildPhase section */

/* Begin PBXFileReference section */
		938DD3DF1EEA636D00C95932 /* munsalbot */ = {isa = PBXFileReference; explicitFileType = "compiled.mach-o.executable"; includeInIndex = 0; path = munsalbot; sourceTree = BUILT_PRODUCTS_DIR; };
		938DD3E91EEA638400C95932 /* munsailbot */ = {isa = PBXFileReference; lastKnownFileType = folder; name = munsailbot; path = ..; sourceTree = "<group>"; };
		938DD3EB1EEA63C500C95932 /* libboost_filesystem.dylib */ = {isa = PBXFileReference; lastKnownFileType = "compiled.mach-o.dylib"; name = libboost_filesystem.dylib; path = ../../../Boost/lib/libboost_filesystem.dylib; sourceTree = "<group>"; };
		938DD3EC1EEA63C500C95932 /* libboost_system.dylib */ = {isa = PBXFileReference; lastKnownFileType = "compiled.mach-o.dylib"; name = libboost_system.dylib; path = ../../../Boost/lib/libboost_system.dylib; sourceTree = "<group>"; };
/* End PBXFileReference section */

/* Begin PBXFrameworksBuildPhase section */
		938DD3DC1EEA636D00C95932 /* Frameworks */ = {
			isa = PBXFrameworksBuildPhase;
			buildActionMask = 2147483647;
			files = (
				938DD3ED1EEA63C500C95932 /* libboost_filesystem.dylib in Frameworks */,
				938DD3EE1EEA63C500C95932 /* libboost_system.dylib in Frameworks */,
			);
			runOnlyForDeploymentPostprocessing = 0;
		};
/* End PBXFrameworksBuildPhase section */

/* Begin PBXGroup section */
		938DD3D61EEA636D00C95932 = {
			isa = PBXGroup;
			children = (
				938DD3E91EEA638400C95932 /* munsailbot */,
				938DD3E01EEA636D00C95932 /* Products */,
				938DD3EA1EEA63C500C95932 /* Frameworks */,
			);
			sourceTree = "<group>";
		};
		938DD3E01EEA636D00C95932 /* Products */ = {
			isa = PBXGroup;
			children = (
				938DD3DF1EEA636D00C95932 /* munsalbot */,
			);
			name = Products;
			sourceTree = "<group>";
		};
		938DD3EA1EEA63C500C95932 /* Frameworks */ = {
			isa = PBXGroup;
			children = (
				938DD3EB1EEA63C500C95932 /* libboost_filesystem.dylib */,
				938DD3EC1EEA63C500C95932 /* libboost_system.dylib */,
			);
			name = Frameworks;
			sourceTree = "<group>";
		};
/* End PBXGroup section */

/* Begin PBXNativeTarget section */
		938DD3DE1EEA636D00C95932 /* munsalbot */ = {
			isa = PBXNativeTarget;
			buildConfigurationList = 938DD3E61EEA636D00C95932 /* Build configuration list for PBXNativeTarget "munsalbot" */;
			buildPhases = (
				938DD3DB1EEA636D00C95932 /* Sources */,
				938DD3DC1EEA636D00C95932 /* Frameworks */,
				938DD3DD1EEA636D00C95932 /* CopyFiles */,
			);
			buildRules = (
			);
			dependencies = (
			);
			name = munsalbot;
			productName = munsalbot;
			productReference = 938DD3DF1EEA636D00C95932 /* munsalbot */;
			productType = "com.apple.product-type.tool";
		};
/* End PBXNativeTarget section */

/* Begin PBXProject section */
		938DD3D71EEA636D00C95932 /* Project object */ = {
			isa = PBXProject;
			attributes = {
				LastUpgradeCheck = 0830;
				ORGANIZATIONNAME = "Bryan Melanson";
				TargetAttributes = {
					938DD3DE1EEA636D00C95932 = {
						CreatedOnToolsVersion = 8.3.3;
						DevelopmentTeam = JP8XGY6DSH;
						ProvisioningStyle = Automatic;
					};
				};
			};
			buildConfigurationList = 938DD3DA1EEA636D00C95932 /* Build configuration list for PBXProject "munsalbot" */;
			compatibilityVersion = "Xcode 3.2";
			developmentRegion = English;
			hasScannedForEncodings = 0;
			knownRegions = (
				en,
			);
			mainGroup = 938DD3D61EEA636D00C95932;
			productRefGroup = 938DD3E01EEA636D00C95932 /* Products */;
			projectDirPath = "";
			projectRoot = "";
			targets = (
				938DD3DE1EEA636D00C95932 /* munsalbot */,
			);
		};
/* End PBXProject section */

/* Begin PBXSourcesBuildPhase section */
		938DD3DB1EEA636D00C95932 /* Sources */ = {
			isa = PBXSourcesBuildPhase;
			buildActionMask = 2147483647;
			files = (
			);
			runOnlyForDeploymentPostprocessing = 0;
		};
/* End PBXSourcesBuildPhase section */

/* Begin XCBuildConfiguration section */
		938DD3E41EEA636D00C95932 /* Debug */ = {
			isa = XCBuildConfiguration;
			buildSettings = {
				ALWAYS_SEARCH_USER_PATHS = NO;
				CLANG_ANALYZER_NONNULL = YES;
				CLANG_ANALYZER_NUMBER_OBJECT_CONVERSION = YES_AGGRESSIVE;
				CLANG_CXX_LANGUAGE_STANDARD = "gnu++0x";
				CLANG_CXX_LIBRARY = "libc++";
				CLANG_ENABLE_MODULES = YES;
				CLANG_ENABLE_OBJC_ARC = YES;
				CLANG_WARN_BOOL_CONVERSION = YES;
				CLANG_WARN_CONSTANT_CONVERSION = YES;
				CLANG_WARN_DIRECT_OBJC_ISA_USAGE = YES_ERROR;
				CLANG_WARN_DOCUMENTATION_COMMENTS = YES;
				CLANG_WARN_EMPTY_BODY = YES;
				CLANG_WARN_ENUM_CONVERSION = YES;
				CLANG_WARN_INFINITE_RECURSION = YES;
				CLANG_WARN_INT_CONVERSION = YES;
				CLANG_WARN_OBJC_ROOT_CLASS = YES_ERROR;
				CLANG_WARN_SUSPICIOUS_MOVE = YES;
				CLANG_WARN_UNREACHABLE_CODE = YES;
				CLANG_WARN__DUPLICATE_METHOD_MATCH = YES;
				CODE_SIGN_IDENTITY = "-";
				COPY_PHASE_STRIP = NO;
				DEBUG_INFORMATION_FORMAT = dwarf;
				ENABLE_STRICT_OBJC_MSGSEND = YES;
				ENABLE_TESTABILITY = YES;
				GCC_C_LANGUAGE_STANDARD = gnu99;
				GCC_DYNAMIC_NO_PIC = NO;
				GCC_NO_COMMON_BLOCKS = YES;
				GCC_OPTIMIZATION_LEVEL = 0;
				GCC_PREPROCESSOR_DEFINITIONS = (
					"DEBUG=1",
					"$(inherited)",
				);
				GCC_WARN_64_TO_32_BIT_CONVERSION = YES;
				GCC_WARN_ABOUT_RETURN_TYPE = YES_ERROR;
				GCC_WARN_UNDECLARED_SELECTOR = YES;
				GCC_WARN_UNINITIALIZED_AUTOS = YES_AGGRESSIVE;
				GCC_WARN_UNUSED_FUNCTION = YES;
				GCC_WARN_UNUSED_VARIABLE = YES;
				MACOSX_DEPLOYMENT_TARGET = 10.12;
				MTL_ENABLE_DEBUG_INFO = YES;
				ONLY_ACTIVE_ARCH = YES;
				SDKROOT = macosx;
			};
			name = Debug;
		};
		938DD3E51EEA636D00C95932 /* Release */ = {
			isa = XCBuildConfiguration;
			buildSettings = {
				ALWAYS_SEARCH_USER_PATHS = NO;
				CLANG_ANALYZER_NONNULL = YES;
				CLANG_ANALYZER_NUMBER_OBJECT_CONVERSION = YES_AGGRESSIVE;
				CLANG_CXX_LANGUAGE_STANDARD = "gnu++0x";
				CLANG_CXX_LIBRARY = "libc++";
				CLANG_ENABLE_MODULES = YES;
				CLANG_ENABLE_OBJC_ARC = YES;
				CLANG_WARN_BOOL_CONVERSION = YES;
				CLANG_WARN_CONSTANT_CONVERSION = YES;
				CLANG_WARN_DIRECT_OBJC_ISA_USAGE = YES_ERROR;
				CLANG_WARN_DOCUMENTATION_COMMENTS = YES;
				CLANG_WARN_EMPTY_BODY = YES;
				CLANG_WARN_ENUM_CONVERSION = YES;
				CLANG_WARN_INFINITE_RECURSION = YES;
				CLANG_WARN_INT_CONVERSION = YES;
				CLANG_WARN_OBJC_ROOT_CLASS = YES_ERROR;
				CLANG_WARN_SUSPICIOUS_MOVE = YES;
				CLANG_WARN_UNREACHABLE_CODE = YES;
				CLANG_WARN__DUPLICATE_METHOD_MATCH = YES;
				CODE_SIGN_IDENTITY = "-";
				COPY_PHASE_STRIP = NO;
				DEBUG_INFORMATION_FORMAT = "dwarf-with-dsym";
				ENABLE_NS_ASSERTIONS = NO;
				ENABLE_STRICT_OBJC_MSGSEND = YES;
				GCC_C_LANGUAGE_STANDARD = gnu99;
				GCC_NO_COMMON_BLOCKS = YES;
				GCC_WARN_64_TO_32_BIT_CONVERSION = YES;
				GCC_WARN_ABOUT_RETURN_TYPE = YES_ERROR;
				GCC_WARN_UNDECLARED_SELECTOR = YES;
				GCC_WARN_UNINITIALIZED_AUTOS = YES_AGGRESSIVE;
				GCC_WARN_UNUSED_FUNCTION = YES;
				GCC_WARN_UNUSED_VARIABLE = YES;
				MACOSX_DEPLOYMENT_TARGET = 10.12;
				MTL_ENABLE_DEBUG_INFO = NO;
				SDKROOT = macosx;
			};
			name = Release;
		};
		938DD3E71EEA636D00C95932 /* Debug */ = {
			isa = XCBuildConfiguration;
			buildSettings = {
				DEVELOPMENT_TEAM = JP8XGY6DSH;
				FRAMEWORK_SEARCH_PATHS = /Users/bryan/Boost/lib;
				HEADER_SEARCH_PATHS = /Users/bryan/Boost/include;
				LIBRARY_SEARCH_PATHS = /Users/bryan/Boost/lib;
				PRODUCT_NAME = "$(TARGET_NAME)";
			};
			name = Debug;
		};
		938DD3E81EEA636D00C95932 /* Release */ = {
			isa = XCBuildConfiguration;
			buildSettings = {
				DEVELOPMENT_TEAM = JP8XGY6DSH;
				FRAMEWORK_SEARCH_PATHS = /Users/bryan/Boost/lib;
				HEADER_SEARCH_PATHS = /Users/bryan/Boost/include;
				LIBRARY_SEARCH_PATHS = /Users/bryan/Boost/lib;
				PRODUCT_NAME = "$(TARGET_NAME)";
			};
			name = Release;
		};
/* End XCBuildConfiguration section */

/* Begin XCConfigurationList section */
		938DD3DA1EEA636D00C95932 /* Build configuration list for PBXProject "munsalbot" */ = {
			isa = XCConfigurationList;
			buildConfigurations = (
				938DD3E41EEA636D00C95932 /* Debug */,
				938DD3E51EEA636D00C95932 /* Release */,
			);
			defaultConfigurationIsVisible = 0;
			defaultConfigurationName = Release;
		};
		938DD3E61EEA636D00C95932 /* Build configuration list for PBXNativeTarget "munsalbot" */ = {
			isa = XCConfigurationList;
			buildConfigurations = (
				938DD3E71EEA636D00C95932 /* Debug */,
				938DD3E81EEA636D00C95932 /* Release */,
			);
			defaultConfigurationIsVisible = 0;
			defaultConfigurationName = Release;
		};
/* End XCConfigurationList section */
	};
	rootObject = 938DD3D71EEA636D00C95932 /* Project object */;
}
